
Microsoft Visual Studio Solution File, Format Version 12.00
# Visual Studio 14
VisualStudioVersion = 14.0.25123.0
MinimumVisualStudioVersion = 10.0.40219.1
Project("{FAE04EC0-301F-11D3-BF4B-00C04F79EFBC}") = "ProjektHTML", "ProjektHTML\ProjektHTML.csproj", "{5FC4BB42-EE21-4E7F-B608-99700B2306E6}"
EndProject
Project("{FAE04EC0-301F-11D3-BF4B-00C04F79EFBC}") = "Labb3", "Labb3\Labb3.csproj", "{A317195E-77C0-4926-9150-9F9560623A28}"
EndProject
Global
	GlobalSection(SolutionConfigurationPlatforms) = preSolution
		Debug|Any CPU = Debug|Any CPU
		Release|Any CPU = Release|Any CPU
	EndGlobalSection
	GlobalSection(ProjectConfigurationPlatforms) = postSolution
		{5FC4BB42-EE21-4E7F-B608-99700B2306E6}.Debug|Any CPU.ActiveCfg = Debug|Any CPU
		{5FC4BB42-EE21-4E7F-B608-99700B2306E6}.Debug|Any CPU.Build.0 = Debug|Any CPU
		{5FC4BB42-EE21-4E7F-B608-99700B2306E6}.Release|Any CPU.ActiveCfg = Release|Any CPU
		{5FC4BB42-EE21-4E7F-B608-99700B2306E6}.Release|Any CPU.Build.0 = Release|Any CPU
		{A317195E-77C0-4926-9150-9F9560623A28}.Debug|Any CPU.ActiveCfg = Debug|Any CPU
		{A317195E-77C0-4926-9150-9F9560623A28}.Debug|Any CPU.Build.0 = Debug|Any CPU
		{A317195E-77C0-4926-9150-9F9560623A28}.Release|Any CPU.ActiveCfg = Release|Any CPU
		{A317195E-77C0-4926-9150-9F9560623A28}.Release|Any CPU.Build.0 = Release|Any CPU
	EndGlobalSection
	GlobalSection(SolutionProperties) = preSolution
		HideSolutionNode = FALSE
	EndGlobalSection
EndGlobal
